<?xml version="1.0" encoding="utf-8"?>
<Project ToolsVersion="4.0" xmlns="http://schemas.microsoft.com/developer/msbuild/2003">
  <ItemGroup>
    <Filter Include="Source Files">
      <UniqueIdentifier>{4FC737F1-C7A5-4376-A066-2A32D752A2FF}</UniqueIdentifier>
      <Extensions>cpp;c;cc;cxx;def;odl;idl;hpj;bat;asm;asmx</Extensions>
    </Filter>
    <Filter Include="Header Files">
      <UniqueIdentifier>{93995380-89BD-4b04-88EB-625FBE52EBFB}</UniqueIdentifier>
      <Extensions>h;hpp;hxx;hm;inl;inc;xsd</Extensions>
    </Filter>
    <Filter Include="Resource Files">
      <UniqueIdentifier>{67DA6AB6-F800-4c08-8B7A-83BB121AAD01}</UniqueIdentifier>
      <Extensions>rc;ico;cur;bmp;dlg;rc2;rct;bin;rgs;gif;jpg;jpeg;jpe;resx;tiff;tif;png;wav;mfcribbon-ms</Extensions>
    </Filter>
    <Filter Include="Common">
      <UniqueIdentifier>{f5e9fd5a-2f19-4ddc-9b75-e4012bfde2b9}</UniqueIdentifier>
    </Filter>
    <Filter Include="Shader">
      <UniqueIdentifier>{91d518c5-4ca8-49be-892d-360da4e1f747}</UniqueIdentifier>
    </Filter>
    <Filter Include="Source Files\Math">
      <UniqueIdentifier>{7c8a36c2-b174-4d18-bdd4-cde1c0a2b141}</UniqueIdentifier>
    </Filter>
    <Filter Include="Source Files\Other">
      <UniqueIdentifier>{b9c2c9b9-cf9d-4fe9-9100-05a0b6609f26}</UniqueIdentifier>
    </Filter>
  </ItemGroup>
  <ItemGroup>
    <None Include="ReadMe.txt" />
    <None Include="StandardShading.fragmentshader">
      <Filter>Shader</Filter>
    </None>
    <None Include="StandardShading.vertexshader">
      <Filter>Shader</Filter>
    </None>
  </ItemGroup>
  <ItemGroup>
    <ClInclude Include="stdafx.h">
      <Filter>Header Files</Filter>
    </ClInclude>
    <ClInclude Include="targetver.h">
      <Filter>Header Files</Filter>
    </ClInclude>
    <ClInclude Include="common\controls.hpp">
      <Filter>Common</Filter>
    </ClInclude>
    <ClInclude Include="common\objloader.hpp">
      <Filter>Common</Filter>
    </ClInclude>
    <ClInclude Include="common\quaternion_utils.hpp">
      <Filter>Common</Filter>
    </ClInclude>
    <ClInclude Include="common\shader.hpp">
      <Filter>Common</Filter>
    </ClInclude>
    <ClInclude Include="common\tangentspace.hpp">
      <Filter>Common</Filter>
    </ClInclude>
    <ClInclude Include="common\text2D.hpp">
      <Filter>Common</Filter>
    </ClInclude>
    <ClInclude Include="common\texture.hpp">
      <Filter>Common</Filter>
    </ClInclude>
    <ClInclude Include="common\vboindexer.hpp">
      <Filter>Common</Filter>
    </ClInclude>
    <ClInclude Include="src\Common.h">
      <Filter>Source Files</Filter>
    </ClInclude>
    <ClInclude Include="src\Light.h">
      <Filter>Source Files</Filter>
    </ClInclude>
    <ClInclude Include="src\Material.h">
      <Filter>Source Files</Filter>
    </ClInclude>
    <ClInclude Include="src\Mesh.h">
      <Filter>Source Files</Filter>
    </ClInclude>
    <ClInclude Include="src\Model.h">
      <Filter>Source Files</Filter>
    </ClInclude>
    <ClInclude Include="src\Render.h">
      <Filter>Source Files</Filter>
    </ClInclude>
    <ClInclude Include="src\Texture.h">
      <Filter>Source Files</Filter>
    </ClInclude>
    <ClInclude Include="src\TextureManager.h">
      <Filter>Source Files</Filter>
    </ClInclude>
    <ClInclude Include="src\Vector2.h">
      <Filter>Source Files\Math</Filter>
    </ClInclude>
    <ClInclude Include="src\Vector3.h">
      <Filter>Source Files\Math</Filter>
    </ClInclude>
    <ClInclude Include="src\Vector4.h">
      <Filter>Source Files\Math</Filter>
    </ClInclude>
    <ClInclude Include="src\Matrix4.h">
      <Filter>Source Files\Math</Filter>
    </ClInclude>
    <ClInclude Include="src\Vertex.h">
      <Filter>Source Files</Filter>
    </ClInclude>
    <ClInclude Include="src\SoftRender.h">
      <Filter>Source Files</Filter>
    </ClInclude>
    <ClInclude Include="src\stb_image.h">
      <Filter>Source Files\Other</Filter>
    </ClInclude>
    <ClInclude Include="src\stb_image_write.h">
      <Filter>Source Files\Other</Filter>
    </ClInclude>
    <ClInclude Include="src\Matrix2.h">
      <Filter>Source Files\Math</Filter>
    </ClInclude>
    <ClInclude Include="src\Color.h">
      <Filter>Source Files\Other</Filter>
    </ClInclude>
  </ItemGroup>
  <ItemGroup>
    <ClCompile Include="common\controls.cpp">
      <Filter>Common</Filter>
    </ClCompile>
    <ClCompile Include="common\objloader.cpp">
      <Filter>Common</Filter>
    </ClCompile>
    <ClCompile Include="common\quaternion_utils.cpp">
      <Filter>Common</Filter>
    </ClCompile>
    <ClCompile Include="common\shader.cpp">
      <Filter>Common</Filter>
    </ClCompile>
    <ClCompile Include="common\tangentspace.cpp">
      <Filter>Common</Filter>
    </ClCompile>
    <ClCompile Include="common\text2D.cpp">
      <Filter>Common</Filter>
    </ClCompile>
    <ClCompile Include="common\texture.cpp">
      <Filter>Common</Filter>
    </ClCompile>
    <ClCompile Include="common\vboindexer.cpp">
      <Filter>Common</Filter>
    </ClCompile>
    <ClCompile Include="src\Common.cpp">
      <Filter>Source Files</Filter>
    </ClCompile>
    <ClCompile Include="src\Model.cpp">
      <Filter>Source Files</Filter>
    </ClCompile>
    <ClCompile Include="src\Render.cpp">
      <Filter>Source Files</Filter>
    </ClCompile>
    <ClCompile Include="src\TextureManager.cpp">
      <Filter>Source Files</Filter>
    </ClCompile>
    <ClCompile Include="main.cpp" />
    <ClCompile Include="src\SoftRender.cpp">
      <Filter>Source Files</Filter>
    </ClCompile>
  </ItemGroup>
</Project>